// !$*UTF8*$!
{
	archiveVersion = 1;
	classes = {
	};
	objectVersion = 77;
	objects = {

/* Begin PBXBuildFile section */
		032F0925E0737CA48032CF45 /* PomodoroPanelController.swift in Sources */ = {isa = PBXBuildFile; fileRef = FA2DBD5CCC94DCF7522ACE2C /* PomodoroPanelController.swift */; };
		16A3BB6929AEFAF68503ABF5 /* ScreenshotAnnotation.swift in Sources */ = {isa = PBXBuildFile; fileRef = 1F8E56159C3C5175AEDDDD94 /* ScreenshotAnnotation.swift */; };
		17173CFBE48B20EBB33A32E0 /* ScreenshotPinController.swift in Sources */ = {isa = PBXBuildFile; fileRef = 228F0AA9512C7AC5F9BA6062 /* ScreenshotPinController.swift */; };
		19926A1F7A651824D5C7D94A /* KeyRuleStore.swift in Sources */ = {isa = PBXBuildFile; fileRef = 436DF778DF7257471128D9C5 /* KeyRuleStore.swift */; };
		361C3DB6DA556C6D4F67C0F3 /* KeyActionMenuOverlay.swift in Sources */ = {isa = PBXBuildFile; fileRef = FFA6F5AAA506076B977680C2 /* KeyActionMenuOverlay.swift */; };
		3A35B111496C295B9DEBC444 /* ContentView.swift in Sources */ = {isa = PBXBuildFile; fileRef = D7B3894D1ABF390D92C05489 /* ContentView.swift */; };
		49C3998EC78DBD504187EDC7 /* PomodoroTool.swift in Sources */ = {isa = PBXBuildFile; fileRef = 87FEAC529A5E053FC3236F00 /* PomodoroTool.swift */; };
		4C3A9E4238DCDB209643BB32 /* LiquidGlassStyle.swift in Sources */ = {isa = PBXBuildFile; fileRef = B1EA3984F00EFA582E9EC642 /* LiquidGlassStyle.swift */; };
		4CCC750AB91A1E514B572A5A /* Assets.xcassets in Resources */ = {isa = PBXBuildFile; fileRef = 55B02AB408B9B1F411436E34 /* Assets.xcassets */; };
		504356F1C4613BA2B65D227C /* ScreenshotOverlayController.swift in Sources */ = {isa = PBXBuildFile; fileRef = D69E70E370571E8B6A770A77 /* ScreenshotOverlayController.swift */; };
		50E3CA79A753D992193B178C /* PomodoroControlPanelView.swift in Sources */ = {isa = PBXBuildFile; fileRef = D311DF87BCA7B0C7198BBD0B /* PomodoroControlPanelView.swift */; };
		58EFDD41A36F36A9E4D53484 /* PomodoroTimer.swift in Sources */ = {isa = PBXBuildFile; fileRef = 05EACC73E8F3074F95AD773E /* PomodoroTimer.swift */; };
		5B2FF148358875F6EF0596B3 /* ScreenshotAreaTool.swift in Sources */ = {isa = PBXBuildFile; fileRef = B4E920999AF687BBA94ABDFA /* ScreenshotAreaTool.swift */; };
		5C590A96D4D3A001889CC45A /* ToolRegistry.swift in Sources */ = {isa = PBXBuildFile; fileRef = D26521D20DA6174BE4F56DFD /* ToolRegistry.swift */; };
		654F03A445B6F7FE07C28B7D /* KeyRule.swift in Sources */ = {isa = PBXBuildFile; fileRef = CF799E94E5A1939C0DFD8D5C /* KeyRule.swift */; };
		6E6633CF170239465856FA8C /* KeyCatalog.swift in Sources */ = {isa = PBXBuildFile; fileRef = CF6BFEF8ABEC06A5E4C04EE4 /* KeyCatalog.swift */; };
		6ED48EE1D2759FB91486D2DC /* ToolInvocation.swift in Sources */ = {isa = PBXBuildFile; fileRef = 846EDF1C5D9538530C4D655A /* ToolInvocation.swift */; };
		709E8D3E2FBE19AD27F59C0D /* AppState.swift in Sources */ = {isa = PBXBuildFile; fileRef = 2FB52FDB8FC368E41BFCB169 /* AppState.swift */; };
		72B8CA4599551641C338FA5C /* ScreenshotSelectionView.swift in Sources */ = {isa = PBXBuildFile; fileRef = 3AFE4A2F043C9B6D43047991 /* ScreenshotSelectionView.swift */; };
		752080AC7774D8CC95F9B1B0 /* KeyboardEventEngine.swift in Sources */ = {isa = PBXBuildFile; fileRef = AFA9580BA66653211D3DD87F /* KeyboardEventEngine.swift */; };
		76F4F28FAFB40904297BD18B /* KeyboardLayoutView.swift in Sources */ = {isa = PBXBuildFile; fileRef = 73DCAC86568F2051841410B6 /* KeyboardLayoutView.swift */; };
		79FBCDD3748C9A6B9F7DD17E /* PermissionService.swift in Sources */ = {isa = PBXBuildFile; fileRef = 3CAC33A0163579C56BF09D5C /* PermissionService.swift */; };
		90BDC1FE234BC57DBE319F0B /* AnchoredFloatingWindowPresenter.swift in Sources */ = {isa = PBXBuildFile; fileRef = 0EE652CA4D2F88A81F1668AD /* AnchoredFloatingWindowPresenter.swift */; };
		912F931A21CA6D5669451FE2 /* KeyFlowApplicationDelegate.swift in Sources */ = {isa = PBXBuildFile; fileRef = CC86CA915514B7B5C1F690B6 /* KeyFlowApplicationDelegate.swift */; };
		93285782C57D18C2561C345B /* AppIconCache.swift in Sources */ = {isa = PBXBuildFile; fileRef = 3DF4908AD712C4F7986EEDA4 /* AppIconCache.swift */; };
		ACB8DA79ED7E39C2E5749F28 /* ActionDispatcher.swift in Sources */ = {isa = PBXBuildFile; fileRef = 0BC60E95790FC4E19D5181DE /* ActionDispatcher.swift */; };
		B40A5E5BE95D6AF58E6C1DB7 /* KeyFlowTool.swift in Sources */ = {isa = PBXBuildFile; fileRef = 19F2F4DDA56B1028F580E0C5 /* KeyFlowTool.swift */; };
		BA4BB89B25B53F59FC72342A /* ScreenshotService.swift in Sources */ = {isa = PBXBuildFile; fileRef = B128D771D3A518D29B39ECE9 /* ScreenshotService.swift */; };
		CD58BEB603E6E9A57EB0164D /* AppDiscoveryService.swift in Sources */ = {isa = PBXBuildFile; fileRef = 0F99CB4656611D479CAC06C7 /* AppDiscoveryService.swift */; };
		CD7D942A7BAAD804340BB73B /* KeyFlowApp.swift in Sources */ = {isa = PBXBuildFile; fileRef = D0336361413355CCA0228D1B /* KeyFlowApp.swift */; };
		D9CAB41A4A013C04686B4C71 /* KeyActionMenuPopoverPresenter.swift in Sources */ = {isa = PBXBuildFile; fileRef = 78E346EC7FA39A4A3D60E1F1 /* KeyActionMenuPopoverPresenter.swift */; };
		DAA7A251DFACEA7C43397CEA /* WindowGlassConfigurator.swift in Sources */ = {isa = PBXBuildFile; fileRef = CC0F3E4917F1CFAACA8A5588 /* WindowGlassConfigurator.swift */; };
		FCA57798EF43EF17046E5EB4 /* KeyCaptureMonitor.swift in Sources */ = {isa = PBXBuildFile; fileRef = AB82688BE416792911721663 /* KeyCaptureMonitor.swift */; };
/* End PBXBuildFile section */

/* Begin PBXFileReference section */
		05EACC73E8F3074F95AD773E /* PomodoroTimer.swift */ = {isa = PBXFileReference; lastKnownFileType = sourcecode.swift; path = PomodoroTimer.swift; sourceTree = "<group>"; };
		0BC60E95790FC4E19D5181DE /* ActionDispatcher.swift */ = {isa = PBXFileReference; lastKnownFileType = sourcecode.swift; path = ActionDispatcher.swift; sourceTree = "<group>"; };
		0EE652CA4D2F88A81F1668AD /* AnchoredFloatingWindowPresenter.swift */ = {isa = PBXFileReference; lastKnownFileType = sourcecode.swift; path = AnchoredFloatingWindowPresenter.swift; sourceTree = "<group>"; };
		0F99CB4656611D479CAC06C7 /* AppDiscoveryService.swift */ = {isa = PBXFileReference; lastKnownFileType = sourcecode.swift; path = AppDiscoveryService.swift; sourceTree = "<group>"; };
		19F2F4DDA56B1028F580E0C5 /* KeyFlowTool.swift */ = {isa = PBXFileReference; lastKnownFileType = sourcecode.swift; path = KeyFlowTool.swift; sourceTree = "<group>"; };
		1F8E56159C3C5175AEDDDD94 /* ScreenshotAnnotation.swift */ = {isa = PBXFileReference; lastKnownFileType = sourcecode.swift; path = ScreenshotAnnotation.swift; sourceTree = "<group>"; };
		228F0AA9512C7AC5F9BA6062 /* ScreenshotPinController.swift */ = {isa = PBXFileReference; lastKnownFileType = sourcecode.swift; path = ScreenshotPinController.swift; sourceTree = "<group>"; };
		2FB52FDB8FC368E41BFCB169 /* AppState.swift */ = {isa = PBXFileReference; lastKnownFileType = sourcecode.swift; path = AppState.swift; sourceTree = "<group>"; };
		3AFE4A2F043C9B6D43047991 /* ScreenshotSelectionView.swift */ = {isa = PBXFileReference; lastKnownFileType = sourcecode.swift; path = ScreenshotSelectionView.swift; sourceTree = "<group>"; };
		3CAC33A0163579C56BF09D5C /* PermissionService.swift */ = {isa = PBXFileReference; lastKnownFileType = sourcecode.swift; path = PermissionService.swift; sourceTree = "<group>"; };
		3DF4908AD712C4F7986EEDA4 /* AppIconCache.swift */ = {isa = PBXFileReference; lastKnownFileType = sourcecode.swift; path = AppIconCache.swift; sourceTree = "<group>"; };
		436DF778DF7257471128D9C5 /* KeyRuleStore.swift */ = {isa = PBXFileReference; lastKnownFileType = sourcecode.swift; path = KeyRuleStore.swift; sourceTree = "<group>"; };
		55B02AB408B9B1F411436E34 /* Assets.xcassets */ = {isa = PBXFileReference; lastKnownFileType = folder.assetcatalog; path = Assets.xcassets; sourceTree = "<group>"; };
		6DCABBD64A6C7B66AE3AEBA5 /* KeyFlow.app */ = {isa = PBXFileReference; explicitFileType = wrapper.application; includeInIndex = 0; path = KeyFlow.app; sourceTree = BUILT_PRODUCTS_DIR; };
		73DCAC86568F2051841410B6 /* KeyboardLayoutView.swift */ = {isa = PBXFileReference; lastKnownFileType = sourcecode.swift; path = KeyboardLayoutView.swift; sourceTree = "<group>"; };
		78E346EC7FA39A4A3D60E1F1 /* KeyActionMenuPopoverPresenter.swift */ = {isa = PBXFileReference; lastKnownFileType = sourcecode.swift; path = KeyActionMenuPopoverPresenter.swift; sourceTree = "<group>"; };
		846EDF1C5D9538530C4D655A /* ToolInvocation.swift */ = {isa = PBXFileReference; lastKnownFileType = sourcecode.swift; path = ToolInvocation.swift; sourceTree = "<group>"; };
		87FEAC529A5E053FC3236F00 /* PomodoroTool.swift */ = {isa = PBXFileReference; lastKnownFileType = sourcecode.swift; path = PomodoroTool.swift; sourceTree = "<group>"; };
		AB82688BE416792911721663 /* KeyCaptureMonitor.swift */ = {isa = PBXFileReference; lastKnownFileType = sourcecode.swift; path = KeyCaptureMonitor.swift; sourceTree = "<group>"; };
		AFA9580BA66653211D3DD87F /* KeyboardEventEngine.swift */ = {isa = PBXFileReference; lastKnownFileType = sourcecode.swift; path = KeyboardEventEngine.swift; sourceTree = "<group>"; };
		B128D771D3A518D29B39ECE9 /* ScreenshotService.swift */ = {isa = PBXFileReference; lastKnownFileType = sourcecode.swift; path = ScreenshotService.swift; sourceTree = "<group>"; };
		B1EA3984F00EFA582E9EC642 /* LiquidGlassStyle.swift */ = {isa = PBXFileReference; lastKnownFileType = sourcecode.swift; path = LiquidGlassStyle.swift; sourceTree = "<group>"; };
		B4E920999AF687BBA94ABDFA /* ScreenshotAreaTool.swift */ = {isa = PBXFileReference; lastKnownFileType = sourcecode.swift; path = ScreenshotAreaTool.swift; sourceTree = "<group>"; };
		CC0F3E4917F1CFAACA8A5588 /* WindowGlassConfigurator.swift */ = {isa = PBXFileReference; lastKnownFileType = sourcecode.swift; path = WindowGlassConfigurator.swift; sourceTree = "<group>"; };
		CC86CA915514B7B5C1F690B6 /* KeyFlowApplicationDelegate.swift */ = {isa = PBXFileReference; lastKnownFileType = sourcecode.swift; path = KeyFlowApplicationDelegate.swift; sourceTree = "<group>"; };
		CF6BFEF8ABEC06A5E4C04EE4 /* KeyCatalog.swift */ = {isa = PBXFileReference; lastKnownFileType = sourcecode.swift; path = KeyCatalog.swift; sourceTree = "<group>"; };
		CF799E94E5A1939C0DFD8D5C /* KeyRule.swift */ = {isa = PBXFileReference; lastKnownFileType = sourcecode.swift; path = KeyRule.swift; sourceTree = "<group>"; };
		D0336361413355CCA0228D1B /* KeyFlowApp.swift */ = {isa = PBXFileReference; lastKnownFileType = sourcecode.swift; path = KeyFlowApp.swift; sourceTree = "<group>"; };
		D26521D20DA6174BE4F56DFD /* ToolRegistry.swift */ = {isa = PBXFileReference; lastKnownFileType = sourcecode.swift; path = ToolRegistry.swift; sourceTree = "<group>"; };
		D311DF87BCA7B0C7198BBD0B /* PomodoroControlPanelView.swift */ = {isa = PBXFileReference; lastKnownFileType = sourcecode.swift; path = PomodoroControlPanelView.swift; sourceTree = "<group>"; };
		D69E70E370571E8B6A770A77 /* ScreenshotOverlayController.swift */ = {isa = PBXFileReference; lastKnownFileType = sourcecode.swift; path = ScreenshotOverlayController.swift; sourceTree = "<group>"; };
		D7B3894D1ABF390D92C05489 /* ContentView.swift */ = {isa = PBXFileReference; lastKnownFileType = sourcecode.swift; path = ContentView.swift; sourceTree = "<group>"; };
		FA2DBD5CCC94DCF7522ACE2C /* PomodoroPanelController.swift */ = {isa = PBXFileReference; lastKnownFileType = sourcecode.swift; path = PomodoroPanelController.swift; sourceTree = "<group>"; };
		FFA6F5AAA506076B977680C2 /* KeyActionMenuOverlay.swift */ = {isa = PBXFileReference; lastKnownFileType = sourcecode.swift; path = KeyActionMenuOverlay.swift; sourceTree = "<group>"; };
/* End PBXFileReference section */

/* Begin PBXGroup section */
		03B379C0BA7D6D12E52F5749 /* Actions */ = {
			isa = PBXGroup;
			children = (
				0BC60E95790FC4E19D5181DE /* ActionDispatcher.swift */,
			);
			path = Actions;
			sourceTree = "<group>";
		};
		13D0F420E5395F97C17FBD2F /* Resources */ = {
			isa = PBXGroup;
			children = (
				55B02AB408B9B1F411436E34 /* Assets.xcassets */,
			);
			path = Resources;
			sourceTree = "<group>";
		};
		179286D4B93851EF203BB3A6 /* Tools */ = {
			isa = PBXGroup;
			children = (
				19F2F4DDA56B1028F580E0C5 /* KeyFlowTool.swift */,
				846EDF1C5D9538530C4D655A /* ToolInvocation.swift */,
				D26521D20DA6174BE4F56DFD /* ToolRegistry.swift */,
				CC3D65CE53EE85386FFD0ABC /* Pomodoro */,
				56BC8B8E8090EA121BF0BCAE /* Screenshot */,
			);
			path = Tools;
			sourceTree = "<group>";
		};
		1A43AE874AE0BDD981110F7B /* Services */ = {
			isa = PBXGroup;
			children = (
				0F99CB4656611D479CAC06C7 /* AppDiscoveryService.swift */,
				AFA9580BA66653211D3DD87F /* KeyboardEventEngine.swift */,
				AB82688BE416792911721663 /* KeyCaptureMonitor.swift */,
				436DF778DF7257471128D9C5 /* KeyRuleStore.swift */,
				3CAC33A0163579C56BF09D5C /* PermissionService.swift */,
			);
			path = Services;
			sourceTree = "<group>";
		};
		325E0B88DC6214DB4AC6F6D9 /* App */ = {
			isa = PBXGroup;
			children = (
				2FB52FDB8FC368E41BFCB169 /* AppState.swift */,
				D0336361413355CCA0228D1B /* KeyFlowApp.swift */,
				CC86CA915514B7B5C1F690B6 /* KeyFlowApplicationDelegate.swift */,
			);
			path = App;
			sourceTree = "<group>";
		};
		56BC8B8E8090EA121BF0BCAE /* Screenshot */ = {
			isa = PBXGroup;
			children = (
				1F8E56159C3C5175AEDDDD94 /* ScreenshotAnnotation.swift */,
				B4E920999AF687BBA94ABDFA /* ScreenshotAreaTool.swift */,
				D69E70E370571E8B6A770A77 /* ScreenshotOverlayController.swift */,
				228F0AA9512C7AC5F9BA6062 /* ScreenshotPinController.swift */,
				3AFE4A2F043C9B6D43047991 /* ScreenshotSelectionView.swift */,
				B128D771D3A518D29B39ECE9 /* ScreenshotService.swift */,
			);
			path = Screenshot;
			sourceTree = "<group>";
		};
		61B3A55B5436879AB87FD9D9 /* Models */ = {
			isa = PBXGroup;
			children = (
				CF6BFEF8ABEC06A5E4C04EE4 /* KeyCatalog.swift */,
				CF799E94E5A1939C0DFD8D5C /* KeyRule.swift */,
			);
			path = Models;
			sourceTree = "<group>";
		};
		77F9793C1679C89B4142429E /* KeyFlow */ = {
			isa = PBXGroup;
			children = (
				03B379C0BA7D6D12E52F5749 /* Actions */,
				325E0B88DC6214DB4AC6F6D9 /* App */,
				61B3A55B5436879AB87FD9D9 /* Models */,
				13D0F420E5395F97C17FBD2F /* Resources */,
				1A43AE874AE0BDD981110F7B /* Services */,
				179286D4B93851EF203BB3A6 /* Tools */,
				BEE5171B986F8442DB920FFB /* Views */,
			);
			path = KeyFlow;
			sourceTree = "<group>";
		};
		7AAA5D1A00A0849C2FA4913F /* Products */ = {
			isa = PBXGroup;
			children = (
				6DCABBD64A6C7B66AE3AEBA5 /* KeyFlow.app */,
			);
			name = Products;
			sourceTree = "<group>";
		};
		A2246FD9CDC13B3EC4350F73 = {
			isa = PBXGroup;
			children = (
				77F9793C1679C89B4142429E /* KeyFlow */,
				7AAA5D1A00A0849C2FA4913F /* Products */,
			);
			sourceTree = "<group>";
		};
		BEE5171B986F8442DB920FFB /* Views */ = {
			isa = PBXGroup;
			children = (
				0EE652CA4D2F88A81F1668AD /* AnchoredFloatingWindowPresenter.swift */,
				3DF4908AD712C4F7986EEDA4 /* AppIconCache.swift */,
				D7B3894D1ABF390D92C05489 /* ContentView.swift */,
				FFA6F5AAA506076B977680C2 /* KeyActionMenuOverlay.swift */,
				78E346EC7FA39A4A3D60E1F1 /* KeyActionMenuPopoverPresenter.swift */,
				73DCAC86568F2051841410B6 /* KeyboardLayoutView.swift */,
				B1EA3984F00EFA582E9EC642 /* LiquidGlassStyle.swift */,
				CC0F3E4917F1CFAACA8A5588 /* WindowGlassConfigurator.swift */,
			);
			path = Views;
			sourceTree = "<group>";
		};
		CC3D65CE53EE85386FFD0ABC /* Pomodoro */ = {
			isa = PBXGroup;
			children = (
				D311DF87BCA7B0C7198BBD0B /* PomodoroControlPanelView.swift */,
				FA2DBD5CCC94DCF7522ACE2C /* PomodoroPanelController.swift */,
				05EACC73E8F3074F95AD773E /* PomodoroTimer.swift */,
				87FEAC529A5E053FC3236F00 /* PomodoroTool.swift */,
			);
			path = Pomodoro;
			sourceTree = "<group>";
		};
/* End PBXGroup section */

/* Begin PBXNativeTarget section */
		2079CEA377E9D14DAFAAF20E /* KeyFlow */ = {
			isa = PBXNativeTarget;
			buildConfigurationList = 06E79B5E511FA3CD3A26EFD8 /* Build configuration list for PBXNativeTarget "KeyFlow" */;
			buildPhases = (
				FB9AAFB233AF5575AA7F210A /* Sources */,
				74BA213DDB01E2336EBC64D8 /* Resources */,
			);
			buildRules = (
			);
			dependencies = (
			);
			name = KeyFlow;
			packageProductDependencies = (
			);
			productName = KeyFlow;
			productReference = 6DCABBD64A6C7B66AE3AEBA5 /* KeyFlow.app */;
			productType = "com.apple.product-type.application";
		};
/* End PBXNativeTarget section */

/* Begin PBXProject section */
		7F6BB6B7A91699D22858D6C5 /* Project object */ = {
			isa = PBXProject;
			attributes = {
				BuildIndependentTargetsInParallel = YES;
				LastUpgradeCheck = 2650;
				TargetAttributes = {
					2079CEA377E9D14DAFAAF20E = {
						ProvisioningStyle = Automatic;
					};
				};
			};
			buildConfigurationList = 6EFFF3FB9B9022E611151EB9 /* Build configuration list for PBXProject "KeyFlow" */;
			developmentRegion = en;
			hasScannedForEncodings = 0;
			knownRegions = (
				Base,
				en,
			);
			mainGroup = A2246FD9CDC13B3EC4350F73;
			minimizedProjectReferenceProxies = 1;
			preferredProjectObjectVersion = 77;
			productRefGroup = 7AAA5D1A00A0849C2FA4913F /* Products */;
			projectDirPath = "";
			projectRoot = "";
			targets = (
				2079CEA377E9D14DAFAAF20E /* KeyFlow */,
			);
		};
/* End PBXProject section */

/* Begin PBXResourcesBuildPhase section */
		74BA213DDB01E2336EBC64D8 /* Resources */ = {
			isa = PBXResourcesBuildPhase;
			buildActionMask = 2147483647;
			files = (
				4CCC750AB91A1E514B572A5A /* Assets.xcassets in Resources */,
			);
			runOnlyForDeploymentPostprocessing = 0;
		};
/* End PBXResourcesBuildPhase section */

/* Begin PBXSourcesBuildPhase section */
		FB9AAFB233AF5575AA7F210A /* Sources */ = {
			isa = PBXSourcesBuildPhase;
			buildActionMask = 2147483647;
			files = (
				ACB8DA79ED7E39C2E5749F28 /* ActionDispatcher.swift in Sources */,
				90BDC1FE234BC57DBE319F0B /* AnchoredFloatingWindowPresenter.swift in Sources */,
				CD58BEB603E6E9A57EB0164D /* AppDiscoveryService.swift in Sources */,
				93285782C57D18C2561C345B /* AppIconCache.swift in Sources */,
				709E8D3E2FBE19AD27F59C0D /* AppState.swift in Sources */,
				3A35B111496C295B9DEBC444 /* ContentView.swift in Sources */,
				361C3DB6DA556C6D4F67C0F3 /* KeyActionMenuOverlay.swift in Sources */,
				D9CAB41A4A013C04686B4C71 /* KeyActionMenuPopoverPresenter.swift in Sources */,
				FCA57798EF43EF17046E5EB4 /* KeyCaptureMonitor.swift in Sources */,
				6E6633CF170239465856FA8C /* KeyCatalog.swift in Sources */,
				CD7D942A7BAAD804340BB73B /* KeyFlowApp.swift in Sources */,
				912F931A21CA6D5669451FE2 /* KeyFlowApplicationDelegate.swift in Sources */,
				B40A5E5BE95D6AF58E6C1DB7 /* KeyFlowTool.swift in Sources */,
				654F03A445B6F7FE07C28B7D /* KeyRule.swift in Sources */,
				19926A1F7A651824D5C7D94A /* KeyRuleStore.swift in Sources */,
				752080AC7774D8CC95F9B1B0 /* KeyboardEventEngine.swift in Sources */,
				76F4F28FAFB40904297BD18B /* KeyboardLayoutView.swift in Sources */,
				4C3A9E4238DCDB209643BB32 /* LiquidGlassStyle.swift in Sources */,
				79FBCDD3748C9A6B9F7DD17E /* PermissionService.swift in Sources */,
				50E3CA79A753D992193B178C /* PomodoroControlPanelView.swift in Sources */,
				032F0925E0737CA48032CF45 /* PomodoroPanelController.swift in Sources */,
				58EFDD41A36F36A9E4D53484 /* PomodoroTimer.swift in Sources */,
				49C3998EC78DBD504187EDC7 /* PomodoroTool.swift in Sources */,
				16A3BB6929AEFAF68503ABF5 /* ScreenshotAnnotation.swift in Sources */,
				5B2FF148358875F6EF0596B3 /* ScreenshotAreaTool.swift in Sources */,
				504356F1C4613BA2B65D227C /* ScreenshotOverlayController.swift in Sources */,
				17173CFBE48B20EBB33A32E0 /* ScreenshotPinController.swift in Sources */,
				72B8CA4599551641C338FA5C /* ScreenshotSelectionView.swift in Sources */,
				BA4BB89B25B53F59FC72342A /* ScreenshotService.swift in Sources */,
				6ED48EE1D2759FB91486D2DC /* ToolInvocation.swift in Sources */,
				5C590A96D4D3A001889CC45A /* ToolRegistry.swift in Sources */,
				DAA7A251DFACEA7C43397CEA /* WindowGlassConfigurator.swift in Sources */,
			);
			runOnlyForDeploymentPostprocessing = 0;
		};
/* End PBXSourcesBuildPhase section */

/* Begin XCBuildConfiguration section */
		1506F17C3DBB49069942020C /* Release */ = {
			isa = XCBuildConfiguration;
			buildSettings = {
				ASSETCATALOG_COMPILER_APPICON_NAME = AppIcon;
				CODE_SIGN_STYLE = Automatic;
				COMBINE_HIDPI_IMAGES = YES;
				CURRENT_PROJECT_VERSION = 1;
				DEVELOPMENT_ASSET_PATHS = "";
				ENABLE_APP_SANDBOX = NO;
				GENERATE_INFOPLIST_FILE = NO;
				INFOPLIST_FILE = KeyFlow/Info.plist;
				LD_RUNPATH_SEARCH_PATHS = (
					"$(inherited)",
					"@executable_path/../Frameworks",
				);
				MACOSX_DEPLOYMENT_TARGET = 26.0;
				MARKETING_VERSION = 0.1.0;
				PRODUCT_BUNDLE_IDENTIFIER = app.keyflow.mac;
				PRODUCT_NAME = "$(TARGET_NAME)";
				SDKROOT = macosx;
				SWIFT_EMIT_LOC_STRINGS = YES;
				SWIFT_VERSION = 6.0;
			};
			name = Release;
		};
		69B6834B9C81EABAA92F3B9E /* Release */ = {
			isa = XCBuildConfiguration;
			buildSettings = {
				ALWAYS_SEARCH_USER_PATHS = NO;
				CLANG_ANALYZER_NONNULL = YES;
				CLANG_ANALYZER_NUMBER_OBJECT_CONVERSION = YES_AGGRESSIVE;
				CLANG_CXX_LANGUAGE_STANDARD = "gnu++20";
				CLANG_CXX_LIBRARY = "libc++";
				CLANG_ENABLE_MODULES = YES;
				CLANG_ENABLE_OBJC_ARC = YES;
				CLANG_ENABLE_OBJC_WEAK = YES;
				CLANG_WARN_BLOCK_CAPTURE_AUTORELEASING = YES;
				CLANG_WARN_BOOL_CONVERSION = YES;
				CLANG_WARN_COMMA = YES;
				CLANG_WARN_CONSTANT_CONVERSION = YES;
				CLANG_WARN_DEPRECATED_OBJC_IMPLEMENTATIONS = YES;
				CLANG_WARN_DIRECT_OBJC_ISA_USAGE = YES_ERROR;
				CLANG_WARN_DOCUMENTATION_COMMENTS = YES;
				CLANG_WARN_EMPTY_BODY = YES;
				CLANG_WARN_ENUM_CONVERSION = YES;
				CLANG_WARN_INFINITE_RECURSION = YES;
				CLANG_WARN_INT_CONVERSION = YES;
				CLANG_WARN_NON_LITERAL_NULL_CONVERSION = YES;
				CLANG_WARN_OBJC_IMPLICIT_RETAIN_SELF = YES;
				CLANG_WARN_OBJC_LITERAL_CONVERSION = YES;
				CLANG_WARN_OBJC_ROOT_CLASS = YES_ERROR;
				CLANG_WARN_QUOTED_INCLUDE_IN_FRAMEWORK_HEADER = YES;
				CLANG_WARN_RANGE_LOOP_ANALYSIS = YES;
				CLANG_WARN_STRICT_PROTOTYPES = YES;
				CLANG_WARN_SUSPICIOUS_MOVE = YES;
				CLANG_WARN_UNGUARDED_AVAILABILITY = YES_AGGRESSIVE;
				CLANG_WARN_UNREACHABLE_CODE = YES;
				CLANG_WARN__DUPLICATE_METHOD_MATCH = YES;
				COPY_PHASE_STRIP = NO;
				DEBUG_INFORMATION_FORMAT = "dwarf-with-dsym";
				ENABLE_NS_ASSERTIONS = NO;
				ENABLE_STRICT_OBJC_MSGSEND = YES;
				ENABLE_USER_SCRIPT_SANDBOXING = NO;
				GCC_C_LANGUAGE_STANDARD = gnu17;
				GCC_NO_COMMON_BLOCKS = YES;
				GCC_WARN_64_TO_32_BIT_CONVERSION = YES;
				GCC_WARN_ABOUT_RETURN_TYPE = YES_ERROR;
				GCC_WARN_UNDECLARED_SELECTOR = YES;
				GCC_WARN_UNINITIALIZED_AUTOS = YES_AGGRESSIVE;
				GCC_WARN_UNUSED_FUNCTION = YES;
				GCC_WARN_UNUSED_VARIABLE = YES;
				MACOSX_DEPLOYMENT_TARGET = 26.0;
				MTL_ENABLE_DEBUG_INFO = NO;
				MTL_FAST_MATH = YES;
				PRODUCT_NAME = "$(TARGET_NAME)";
				SDKROOT = macosx;
				SWIFT_COMPILATION_MODE = wholemodule;
				SWIFT_OPTIMIZATION_LEVEL = "-O";
				SWIFT_VERSION = 5.0;
			};
			name = Release;
		};
		7B76CE86595C7F3AF52F1C4E /* Debug */ = {
			isa = XCBuildConfiguration;
			buildSettings = {
				ALWAYS_SEARCH_USER_PATHS = NO;
				CLANG_ANALYZER_NONNULL = YES;
				CLANG_ANALYZER_NUMBER_OBJECT_CONVERSION = YES_AGGRESSIVE;
				CLANG_CXX_LANGUAGE_STANDARD = "gnu++20";
				CLANG_CXX_LIBRARY = "libc++";
				CLANG_ENABLE_MODULES = YES;
				CLANG_ENABLE_OBJC_ARC = YES;
				CLANG_ENABLE_OBJC_WEAK = YES;
				CLANG_WARN_BLOCK_CAPTURE_AUTORELEASING = YES;
				CLANG_WARN_BOOL_CONVERSION = YES;
				CLANG_WARN_COMMA = YES;
				CLANG_WARN_CONSTANT_CONVERSION = YES;
				CLANG_WARN_DEPRECATED_OBJC_IMPLEMENTATIONS = YES;
				CLANG_WARN_DIRECT_OBJC_ISA_USAGE = YES_ERROR;
				CLANG_WARN_DOCUMENTATION_COMMENTS = YES;
				CLANG_WARN_EMPTY_BODY = YES;
				CLANG_WARN_ENUM_CONVERSION = YES;
				CLANG_WARN_INFINITE_RECURSION = YES;
				CLANG_WARN_INT_CONVERSION = YES;
				CLANG_WARN_NON_LITERAL_NULL_CONVERSION = YES;
				CLANG_WARN_OBJC_IMPLICIT_RETAIN_SELF = YES;
				CLANG_WARN_OBJC_LITERAL_CONVERSION = YES;
				CLANG_WARN_OBJC_ROOT_CLASS = YES_ERROR;
				CLANG_WARN_QUOTED_INCLUDE_IN_FRAMEWORK_HEADER = YES;
				CLANG_WARN_RANGE_LOOP_ANALYSIS = YES;
				CLANG_WARN_STRICT_PROTOTYPES = YES;
				CLANG_WARN_SUSPICIOUS_MOVE = YES;
				CLANG_WARN_UNGUARDED_AVAILABILITY = YES_AGGRESSIVE;
				CLANG_WARN_UNREACHABLE_CODE = YES;
				CLANG_WARN__DUPLICATE_METHOD_MATCH = YES;
				COPY_PHASE_STRIP = NO;
				DEBUG_INFORMATION_FORMAT = dwarf;
				ENABLE_STRICT_OBJC_MSGSEND = YES;
				ENABLE_TESTABILITY = YES;
				ENABLE_USER_SCRIPT_SANDBOXING = NO;
				GCC_C_LANGUAGE_STANDARD = gnu17;
				GCC_DYNAMIC_NO_PIC = NO;
				GCC_NO_COMMON_BLOCKS = YES;
				GCC_OPTIMIZATION_LEVEL = 0;
				GCC_PREPROCESSOR_DEFINITIONS = (
					"DEBUG=1",
					"$(inherited)",
				);
				GCC_WARN_64_TO_32_BIT_CONVERSION = YES;
				GCC_WARN_ABOUT_RETURN_TYPE = YES_ERROR;
				GCC_WARN_UNDECLARED_SELECTOR = YES;
				GCC_WARN_UNINITIALIZED_AUTOS = YES_AGGRESSIVE;
				GCC_WARN_UNUSED_FUNCTION = YES;
				GCC_WARN_UNUSED_VARIABLE = YES;
				MACOSX_DEPLOYMENT_TARGET = 26.0;
				MTL_ENABLE_DEBUG_INFO = INCLUDE_SOURCE;
				MTL_FAST_MATH = YES;
				ONLY_ACTIVE_ARCH = YES;
				PRODUCT_NAME = "$(TARGET_NAME)";
				SDKROOT = macosx;
				SWIFT_ACTIVE_COMPILATION_CONDITIONS = (
					DEBUG,
					"$(inherited)",
				);
				SWIFT_OPTIMIZATION_LEVEL = "-Onone";
				SWIFT_VERSION = 5.0;
			};
			name = Debug;
		};
		DA44B34A2B3BE0E015730091 /* Debug */ = {
			isa = XCBuildConfiguration;
			buildSettings = {
				ASSETCATALOG_COMPILER_APPICON_NAME = AppIcon;
				CODE_SIGN_STYLE = Automatic;
				COMBINE_HIDPI_IMAGES = YES;
				CURRENT_PROJECT_VERSION = 1;
				DEVELOPMENT_ASSET_PATHS = "";
				ENABLE_APP_SANDBOX = NO;
				GENERATE_INFOPLIST_FILE = NO;
				INFOPLIST_FILE = KeyFlow/Info.plist;
				LD_RUNPATH_SEARCH_PATHS = (
					"$(inherited)",
					"@executable_path/../Frameworks",
				);
				MACOSX_DEPLOYMENT_TARGET = 26.0;
				MARKETING_VERSION = 0.1.0;
				PRODUCT_BUNDLE_IDENTIFIER = app.keyflow.mac;
				PRODUCT_NAME = "$(TARGET_NAME)";
				SDKROOT = macosx;
				SWIFT_EMIT_LOC_STRINGS = YES;
				SWIFT_VERSION = 6.0;
			};
			name = Debug;
		};
/* End XCBuildConfiguration section */

/* Begin XCConfigurationList section */
		06E79B5E511FA3CD3A26EFD8 /* Build configuration list for PBXNativeTarget "KeyFlow" */ = {
			isa = XCConfigurationList;
			buildConfigurations = (
				DA44B34A2B3BE0E015730091 /* Debug */,
				1506F17C3DBB49069942020C /* Release */,
			);
			defaultConfigurationIsVisible = 0;
			defaultConfigurationName = Release;
		};
		6EFFF3FB9B9022E611151EB9 /* Build configuration list for PBXProject "KeyFlow" */ = {
			isa = XCConfigurationList;
			buildConfigurations = (
				7B76CE86595C7F3AF52F1C4E /* Debug */,
				69B6834B9C81EABAA92F3B9E /* Release */,
			);
			defaultConfigurationIsVisible = 0;
			defaultConfigurationName = Release;
		};
/* End XCConfigurationList section */
	};
	rootObject = 7F6BB6B7A91699D22858D6C5 /* Project object */;
}
